
Microsoft Visual Studio Solution File, Format Version 12.00
Project("{FAE04EC0-301F-11D3-BF4B-00C04F79EFBC}") = "StickyKeys", "StickyKeys\StickyKeys.csproj", "{5B390AC5-8744-4F88-999A-C3C30945F493}"
EndProject
Global
	GlobalSection(SolutionConfigurationPlatforms) = preSolution
		Debug|Any CPU = Debug|Any CPU
		Release|Any CPU = Release|Any CPU
	EndGlobalSection
	GlobalSection(ProjectConfigurationPlatforms) = postSolution
		{5B390AC5-8744-4F88-999A-C3C30945F493}.Debug|Any CPU.ActiveCfg = Debug|Any CPU
		{5B390AC5-8744-4F88-999A-C3C30945F493}.Debug|Any CPU.Build.0 = Debug|Any CPU
		{5B390AC5-8744-4F88-999A-C3C30945F493}.Release|Any CPU.ActiveCfg = Release|Any CPU
		{5B390AC5-8744-4F88-999A-C3C30945F493}.Release|Any CPU.Build.0 = Release|Any CPU
	EndGlobalSection
EndGlobal
